
Microsoft Visual Studio Solution File, Format Version 12.00
# Visual Studio Version 17
VisualStudioVersion = 17.7.34024.191
MinimumVisualStudioVersion = 10.0.40219.1
Project("{FAE04EC0-301F-11D3-BF4B-00C04F79EFBC}") = "Machine Problem 3, Enigma Input", "Machine Problem 3, Enigma Input\Machine Problem 3, Enigma Input.csproj", "{477A7D44-1066-4425-8DEC-B7285B2596EA}"
EndProject
Global
	GlobalSection(SolutionConfigurationPlatforms) = preSolution
		Debug|Any CPU = Debug|Any CPU
		Release|Any CPU = Release|Any CPU
	EndGlobalSection
	GlobalSection(ProjectConfigurationPlatforms) = postSolution
		{477A7D44-1066-4425-8DEC-B7285B2596EA}.Debug|Any CPU.ActiveCfg = Debug|Any CPU
		{477A7D44-1066-4425-8DEC-B7285B2596EA}.Debug|Any CPU.Build.0 = Debug|Any CPU
		{477A7D44-1066-4425-8DEC-B7285B2596EA}.Release|Any CPU.ActiveCfg = Release|Any CPU
		{477A7D44-1066-4425-8DEC-B7285B2596EA}.Release|Any CPU.Build.0 = Release|Any CPU
	EndGlobalSection
	GlobalSection(SolutionProperties) = preSolution
		HideSolutionNode = FALSE
	EndGlobalSection
	GlobalSection(ExtensibilityGlobals) = postSolution
		SolutionGuid = {38B54C4D-9FCB-484F-8E57-8F029AD81FBB}
	EndGlobalSection
EndGlobal
